
Microsoft Visual Studio Solution File, Format Version 12.00
# Visual Studio Version 16
VisualStudioVersion = 16.0.29728.190
MinimumVisualStudioVersion = 10.0.40219.1
Project("{9A19103F-16F7-4668-BE54-9A1E7A4F7556}") = "LigaDaJustica", "LigaDaJustica.csproj", "{8A4D891D-538C-4554-A7EC-85C57A97C390}"
EndProject
Global
	GlobalSection(SolutionConfigurationPlatforms) = preSolution
		Debug|Any CPU = Debug|Any CPU
		Release|Any CPU = Release|Any CPU
	EndGlobalSection
	GlobalSection(ProjectConfigurationPlatforms) = postSolution
		{8A4D891D-538C-4554-A7EC-85C57A97C390}.Debug|Any CPU.ActiveCfg = Debug|Any CPU
		{8A4D891D-538C-4554-A7EC-85C57A97C390}.Debug|Any CPU.Build.0 = Debug|Any CPU
		{8A4D891D-538C-4554-A7EC-85C57A97C390}.Release|Any CPU.ActiveCfg = Release|Any CPU
		{8A4D891D-538C-4554-A7EC-85C57A97C390}.Release|Any CPU.Build.0 = Release|Any CPU
	EndGlobalSection
	GlobalSection(SolutionProperties) = preSolution
		HideSolutionNode = FALSE
	EndGlobalSection
	GlobalSection(ExtensibilityGlobals) = postSolution
		SolutionGuid = {51EC2250-D267-486B-82B2-960519F0E262}
	EndGlobalSection
EndGlobal
